lockfileVersion: '6.0'

settings:
  autoInstallPeers: true
  excludeLinksFromLockfile: false

devDependencies:
  lit:
    specifier: ^3.1.0
    version: 3.1.0

packages:

  /@lit-labs/ssr-dom-shim@1.1.2:
    resolution: {integrity: sha512-jnOD+/+dSrfTWYfSXBXlo5l5f0q1UuJo3tkbMDCYA2lKUYq79jaxqtGEvnRoh049nt1vdo1+45RinipU6FGY2g==}
    dev: true

  /@lit/reactive-element@2.0.2:
    resolution: {integrity: sha512-SVOwLAWUQg3Ji1egtOt1UiFe4zdDpnWHyc5qctSceJ5XIu0Uc76YmGpIjZgx9YJ0XtdW0Jm507sDvjOu+HnB8w==}
    dependencies:
      '@lit-labs/ssr-dom-shim': 1.1.2
    dev: true

  /@types/trusted-types@2.0.7:
    resolution: {integrity: sha512-ScaPdn1dQczgbl0QFTeTOmVHFULt394XJgOQNoyVhZ6r2vLnMLJfBPd53SB52T/3G36VI1/g2MZaX0cwDuXsfw==}
    dev: true

  /lit-element@4.0.2:
    resolution: {integrity: sha512-/W6WQZUa5VEXwC7H9tbtDMdSs9aWil3Ou8hU6z2cOKWbsm/tXPAcsoaHVEtrDo0zcOIE5GF6QgU55tlGL2Nihg==}
    dependencies:
      '@lit-labs/ssr-dom-shim': 1.1.2
      '@lit/reactive-element': 2.0.2
      lit-html: 3.1.0
    dev: true

  /lit-html@3.1.0:
    resolution: {integrity: sha512-FwAjq3iNsaO6SOZXEIpeROlJLUlrbyMkn4iuv4f4u1H40Jw8wkeR/OUXZUHUoiYabGk8Y4Y0F/rgq+R4MrOLmA==}
    dependencies:
      '@types/trusted-types': 2.0.7
    dev: true

  /lit@3.1.0:
    resolution: {integrity: sha512-rzo/hmUqX8zmOdamDAeydfjsGXbbdtAFqMhmocnh2j9aDYqbu0fjXygjCa0T99Od9VQ/2itwaGrjZz/ZELVl7w==}
    dependencies:
      '@lit/reactive-element': 2.0.2
      lit-element: 4.0.2
      lit-html: 3.1.0
    dev: true
